
Microsoft Visual Studio Solution File, Format Version 12.00
# Visual Studio 15
VisualStudioVersion = 15.0.28010.2003
MinimumVisualStudioVersion = 10.0.40219.1
Project("{FAE04EC0-301F-11D3-BF4B-00C04F79EFBC}") = "Segunparcial_App.Android", "Segunparcial_App\Segunparcial_App.Android\Segunparcial_App.Android.csproj", "{E5F41EC8-7BE8-4E53-A6D0-74150E08418C}"
EndProject
Project("{FAE04EC0-301F-11D3-BF4B-00C04F79EFBC}") = "Segunparcial_App.iOS", "Segunparcial_App\Segunparcial_App.iOS\Segunparcial_App.iOS.csproj", "{1624C1C4-1744-4EBF-8439-E738F2DEB647}"
EndProject
Project("{FAE04EC0-301F-11D3-BF4B-00C04F79EFBC}") = "Segunparcial_App", "Segunparcial_App\Segunparcial_App\Segunparcial_App.csproj", "{1E6B225C-2439-406C-ACFC-41B1B6F7CF49}"
EndProject
Global
	GlobalSection(SolutionConfigurationPlatforms) = preSolution
		Ad-Hoc|Any CPU = Ad-Hoc|Any CPU
		Ad-Hoc|ARM = Ad-Hoc|ARM
		Ad-Hoc|iPhone = Ad-Hoc|iPhone
		Ad-Hoc|iPhoneSimulator = Ad-Hoc|iPhoneSimulator
		Ad-Hoc|x64 = Ad-Hoc|x64
		Ad-Hoc|x86 = Ad-Hoc|x86
		AppStore|Any CPU = AppStore|Any CPU
		AppStore|ARM = AppStore|ARM
		AppStore|iPhone = AppStore|iPhone
		AppStore|iPhoneSimulator = AppStore|iPhoneSimulator
		AppStore|x64 = AppStore|x64
		AppStore|x86 = AppStore|x86
		Debug|Any CPU = Debug|Any CPU
		Debug|ARM = Debug|ARM
		Debug|iPhone = Debug|iPhone
		Debug|iPhoneSimulator = Debug|iPhoneSimulator
		Debug|x64 = Debug|x64
		Debug|x86 = Debug|x86
		Release|Any CPU = Release|Any CPU
		Release|ARM = Release|ARM
		Release|iPhone = Release|iPhone
		Release|iPhoneSimulator = Release|iPhoneSimulator
		Release|x64 = Release|x64
		Release|x86 = Release|x86
	EndGlobalSection
	GlobalSection(ProjectConfigurationPlatforms) = postSolution
		{E5F41EC8-7BE8-4E53-A6D0-74150E08418C}.Ad-Hoc|Any CPU.ActiveCfg = Release|Any CPU
		{E5F41EC8-7BE8-4E53-A6D0-74150E08418C}.Ad-Hoc|Any CPU.Build.0 = Release|Any CPU
		{E5F41EC8-7BE8-4E53-A6D0-74150E08418C}.Ad-Hoc|Any CPU.Deploy.0 = Release|Any CPU
		{E5F41EC8-7BE8-4E53-A6D0-74150E08418C}.Ad-Hoc|ARM.ActiveCfg = Release|Any CPU
		{E5F41EC8-7BE8-4E53-A6D0-74150E08418C}.Ad-Hoc|ARM.Build.0 = Release|Any CPU
		{E5F41EC8-7BE8-4E53-A6D0-74150E08418C}.Ad-Hoc|ARM.Deploy.0 = Release|Any CPU
		{E5F41EC8-7BE8-4E53-A6D0-74150E08418C}.Ad-Hoc|iPhone.ActiveCfg = Release|Any CPU
		{E5F41EC8-7BE8-4E53-A6D0-74150E08418C}.Ad-Hoc|iPhone.Build.0 = Release|Any CPU
		{E5F41EC8-7BE8-4E53-A6D0-74150E08418C}.Ad-Hoc|iPhone.Deploy.0 = Release|Any CPU
		{E5F41EC8-7BE8-4E53-A6D0-74150E08418C}.Ad-Hoc|iPhoneSimulator.ActiveCfg = Release|Any CPU
		{E5F41EC8-7BE8-4E53-A6D0-74150E08418C}.Ad-Hoc|iPhoneSimulator.Build.0 = Release|Any CPU
		{E5F41EC8-7BE8-4E53-A6D0-74150E08418C}.Ad-Hoc|iPhoneSimulator.Deploy.0 = Release|Any CPU
		{E5F41EC8-7BE8-4E53-A6D0-74150E08418C}.Ad-Hoc|x64.ActiveCfg = Release|Any CPU
		{E5F41EC8-7BE8-4E53-A6D0-74150E08418C}.Ad-Hoc|x64.Build.0 = Release|Any CPU
		{E5F41EC8-7BE8-4E53-A6D0-74150E08418C}.Ad-Hoc|x64.Deploy.0 = Release|Any CPU
		{E5F41EC8-7BE8-4E53-A6D0-74150E08418C}.Ad-Hoc|x86.ActiveCfg = Release|Any CPU
		{E5F41EC8-7BE8-4E53-A6D0-74150E08418C}.Ad-Hoc|x86.Build.0 = Release|Any CPU
		{E5F41EC8-7BE8-4E53-A6D0-74150E08418C}.Ad-Hoc|x86.Deploy.0 = Release|Any CPU
		{E5F41EC8-7BE8-4E53-A6D0-74150E08418C}.AppStore|Any CPU.ActiveCfg = Release|Any CPU
		{E5F41EC8-7BE8-4E53-A6D0-74150E08418C}.AppStore|Any CPU.Build.0 = Release|Any CPU
		{E5F41EC8-7BE8-4E53-A6D0-74150E08418C}.AppStore|Any CPU.Deploy.0 = Release|Any CPU
		{E5F41EC8-7BE8-4E53-A6D0-74150E08418C}.AppStore|ARM.ActiveCfg = Release|Any CPU
		{E5F41EC8-7BE8-4E53-A6D0-74150E08418C}.AppStore|ARM.Build.0 = Release|Any CPU
		{E5F41EC8-7BE8-4E53-A6D0-74150E08418C}.AppStore|ARM.Deploy.0 = Release|Any CPU
		{E5F41EC8-7BE8-4E53-A6D0-74150E08418C}.AppStore|iPhone.ActiveCfg = Release|Any CPU
		{E5F41EC8-7BE8-4E53-A6D0-74150E08418C}.AppStore|iPhone.Build.0 = Release|Any CPU
		{E5F41EC8-7BE8-4E53-A6D0-74150E08418C}.AppStore|iPhone.Deploy.0 = Release|Any CPU
		{E5F41EC8-7BE8-4E53-A6D0-74150E08418C}.AppStore|iPhoneSimulator.ActiveCfg = Release|Any CPU
		{E5F41EC8-7BE8-4E53-A6D0-74150E08418C}.AppStore|iPhoneSimulator.Build.0 = Release|Any CPU
		{E5F41EC8-7BE8-4E53-A6D0-74150E08418C}.AppStore|iPhoneSimulator.Deploy.0 = Release|Any CPU
		{E5F41EC8-7BE8-4E53-A6D0-74150E08418C}.AppStore|x64.ActiveCfg = Release|Any CPU
		{E5F41EC8-7BE8-4E53-A6D0-74150E08418C}.AppStore|x64.Build.0 = Release|Any CPU
		{E5F41EC8-7BE8-4E53-A6D0-74150E08418C}.AppStore|x64.Deploy.0 = Release|Any CPU
		{E5F41EC8-7BE8-4E53-A6D0-74150E08418C}.AppStore|x86.ActiveCfg = Release|Any CPU
		{E5F41EC8-7BE8-4E53-A6D0-74150E08418C}.AppStore|x86.Build.0 = Release|Any CPU
		{E5F41EC8-7BE8-4E53-A6D0-74150E08418C}.AppStore|x86.Deploy.0 = Release|Any CPU
		{E5F41EC8-7BE8-4E53-A6D0-74150E08418C}.Debug|Any CPU.ActiveCfg = Debug|Any CPU
		{E5F41EC8-7BE8-4E53-A6D0-74150E08418C}.Debug|Any CPU.Build.0 = Debug|Any CPU
		{E5F41EC8-7BE8-4E53-A6D0-74150E08418C}.Debug|Any CPU.Deploy.0 = Debug|Any CPU
		{E5F41EC8-7BE8-4E53-A6D0-74150E08418C}.Debug|ARM.ActiveCfg = Debug|Any CPU
		{E5F41EC8-7BE8-4E53-A6D0-74150E08418C}.Debug|ARM.Build.0 = Debug|Any CPU
		{E5F41EC8-7BE8-4E53-A6D0-74150E08418C}.Debug|ARM.Deploy.0 = Debug|Any CPU
		{E5F41EC8-7BE8-4E53-A6D0-74150E08418C}.Debug|iPhone.ActiveCfg = Debug|Any CPU
		{E5F41EC8-7BE8-4E53-A6D0-74150E08418C}.Debug|iPhone.Build.0 = Debug|Any CPU
		{E5F41EC8-7BE8-4E53-A6D0-74150E08418C}.Debug|iPhone.Deploy.0 = Debug|Any CPU
		{E5F41EC8-7BE8-4E53-A6D0-74150E08418C}.Debug|iPhoneSimulator.ActiveCfg = Debug|Any CPU
		{E5F41EC8-7BE8-4E53-A6D0-74150E08418C}.Debug|iPhoneSimulator.Build.0 = Debug|Any CPU
		{E5F41EC8-7BE8-4E53-A6D0-74150E08418C}.Debug|iPhoneSimulator.Deploy.0 = Debug|Any CPU
		{E5F41EC8-7BE8-4E53-A6D0-74150E08418C}.Debug|x64.ActiveCfg = Debug|Any CPU
		{E5F41EC8-7BE8-4E53-A6D0-74150E08418C}.Debug|x64.Build.0 = Debug|Any CPU
		{E5F41EC8-7BE8-4E53-A6D0-74150E08418C}.Debug|x64.Deploy.0 = Debug|Any CPU
		{E5F41EC8-7BE8-4E53-A6D0-74150E08418C}.Debug|x86.ActiveCfg = Debug|Any CPU
		{E5F41EC8-7BE8-4E53-A6D0-74150E08418C}.Debug|x86.Build.0 = Debug|Any CPU
		{E5F41EC8-7BE8-4E53-A6D0-74150E08418C}.Debug|x86.Deploy.0 = Debug|Any CPU
		{E5F41EC8-7BE8-4E53-A6D0-74150E08418C}.Release|Any CPU.ActiveCfg = Release|Any CPU
		{E5F41EC8-7BE8-4E53-A6D0-74150E08418C}.Release|Any CPU.Build.0 = Release|Any CPU
		{E5F41EC8-7BE8-4E53-A6D0-74150E08418C}.Release|Any CPU.Deploy.0 = Release|Any CPU
		{E5F41EC8-7BE8-4E53-A6D0-74150E08418C}.Release|ARM.ActiveCfg = Release|Any CPU
		{E5F41EC8-7BE8-4E53-A6D0-74150E08418C}.Release|ARM.Build.0 = Release|Any CPU
		{E5F41EC8-7BE8-4E53-A6D0-74150E08418C}.Release|ARM.Deploy.0 = Release|Any CPU
		{E5F41EC8-7BE8-4E53-A6D0-74150E08418C}.Release|iPhone.ActiveCfg = Release|Any CPU
		{E5F41EC8-7BE8-4E53-A6D0-74150E08418C}.Release|iPhone.Build.0 = Release|Any CPU
		{E5F41EC8-7BE8-4E53-A6D0-74150E08418C}.Release|iPhone.Deploy.0 = Release|Any CPU
		{E5F41EC8-7BE8-4E53-A6D0-74150E08418C}.Release|iPhoneSimulator.ActiveCfg = Release|Any CPU
		{E5F41EC8-7BE8-4E53-A6D0-74150E08418C}.Release|iPhoneSimulator.Build.0 = Release|Any CPU
		{E5F41EC8-7BE8-4E53-A6D0-74150E08418C}.Release|iPhoneSimulator.Deploy.0 = Release|Any CPU
		{E5F41EC8-7BE8-4E53-A6D0-74150E08418C}.Release|x64.ActiveCfg = Release|Any CPU
		{E5F41EC8-7BE8-4E53-A6D0-74150E08418C}.Release|x64.Build.0 = Release|Any CPU
		{E5F41EC8-7BE8-4E53-A6D0-74150E08418C}.Release|x64.Deploy.0 = Release|Any CPU
		{E5F41EC8-7BE8-4E53-A6D0-74150E08418C}.Release|x86.ActiveCfg = Release|Any CPU
		{E5F41EC8-7BE8-4E53-A6D0-74150E08418C}.Release|x86.Build.0 = Release|Any CPU
		{E5F41EC8-7BE8-4E53-A6D0-74150E08418C}.Release|x86.Deploy.0 = Release|Any CPU
		{1624C1C4-1744-4EBF-8439-E738F2DEB647}.Ad-Hoc|Any CPU.ActiveCfg = Ad-Hoc|iPhone
		{1624C1C4-1744-4EBF-8439-E738F2DEB647}.Ad-Hoc|Any CPU.Build.0 = Ad-Hoc|iPhone
		{1624C1C4-1744-4EBF-8439-E738F2DEB647}.Ad-Hoc|Any CPU.Deploy.0 = Ad-Hoc|iPhone
		{1624C1C4-1744-4EBF-8439-E738F2DEB647}.Ad-Hoc|ARM.ActiveCfg = Ad-Hoc|iPhone
		{1624C1C4-1744-4EBF-8439-E738F2DEB647}.Ad-Hoc|ARM.Build.0 = Ad-Hoc|iPhone
		{1624C1C4-1744-4EBF-8439-E738F2DEB647}.Ad-Hoc|ARM.Deploy.0 = Ad-Hoc|iPhone
		{1624C1C4-1744-4EBF-8439-E738F2DEB647}.Ad-Hoc|iPhone.ActiveCfg = Ad-Hoc|iPhone
		{1624C1C4-1744-4EBF-8439-E738F2DEB647}.Ad-Hoc|iPhone.Build.0 = Ad-Hoc|iPhone
		{1624C1C4-1744-4EBF-8439-E738F2DEB647}.Ad-Hoc|iPhone.Deploy.0 = Ad-Hoc|iPhone
		{1624C1C4-1744-4EBF-8439-E738F2DEB647}.Ad-Hoc|iPhoneSimulator.ActiveCfg = Ad-Hoc|iPhoneSimulator
		{1624C1C4-1744-4EBF-8439-E738F2DEB647}.Ad-Hoc|iPhoneSimulator.Build.0 = Ad-Hoc|iPhoneSimulator
		{1624C1C4-1744-4EBF-8439-E738F2DEB647}.Ad-Hoc|iPhoneSimulator.Deploy.0 = Ad-Hoc|iPhoneSimulator
		{1624C1C4-1744-4EBF-8439-E738F2DEB647}.Ad-Hoc|x64.ActiveCfg = Ad-Hoc|iPhone
		{1624C1C4-1744-4EBF-8439-E738F2DEB647}.Ad-Hoc|x64.Build.0 = Ad-Hoc|iPhone
		{1624C1C4-1744-4EBF-8439-E738F2DEB647}.Ad-Hoc|x64.Deploy.0 = Ad-Hoc|iPhone
		{1624C1C4-1744-4EBF-8439-E738F2DEB647}.Ad-Hoc|x86.ActiveCfg = Ad-Hoc|iPhone
		{1624C1C4-1744-4EBF-8439-E738F2DEB647}.Ad-Hoc|x86.Build.0 = Ad-Hoc|iPhone
		{1624C1C4-1744-4EBF-8439-E738F2DEB647}.Ad-Hoc|x86.Deploy.0 = Ad-Hoc|iPhone
		{1624C1C4-1744-4EBF-8439-E738F2DEB647}.AppStore|Any CPU.ActiveCfg = AppStore|iPhone
		{1624C1C4-1744-4EBF-8439-E738F2DEB647}.AppStore|Any CPU.Build.0 = AppStore|iPhone
		{1624C1C4-1744-4EBF-8439-E738F2DEB647}.AppStore|Any CPU.Deploy.0 = AppStore|iPhone
		{1624C1C4-1744-4EBF-8439-E738F2DEB647}.AppStore|ARM.ActiveCfg = AppStore|iPhone
		{1624C1C4-1744-4EBF-8439-E738F2DEB647}.AppStore|ARM.Build.0 = AppStore|iPhone
		{1624C1C4-1744-4EBF-8439-E738F2DEB647}.AppStore|ARM.Deploy.0 = AppStore|iPhone
		{1624C1C4-1744-4EBF-8439-E738F2DEB647}.AppStore|iPhone.ActiveCfg = AppStore|iPhone
		{1624C1C4-1744-4EBF-8439-E738F2DEB647}.AppStore|iPhone.Build.0 = AppStore|iPhone
		{1624C1C4-1744-4EBF-8439-E738F2DEB647}.AppStore|iPhone.Deploy.0 = AppStore|iPhone
		{1624C1C4-1744-4EBF-8439-E738F2DEB647}.AppStore|iPhoneSimulator.ActiveCfg = AppStore|iPhoneSimulator
		{1624C1C4-1744-4EBF-8439-E738F2DEB647}.AppStore|iPhoneSimulator.Build.0 = AppStore|iPhoneSimulator
		{1624C1C4-1744-4EBF-8439-E738F2DEB647}.AppStore|iPhoneSimulator.Deploy.0 = AppStore|iPhoneSimulator
		{1624C1C4-1744-4EBF-8439-E738F2DEB647}.AppStore|x64.ActiveCfg = AppStore|iPhone
		{1624C1C4-1744-4EBF-8439-E738F2DEB647}.AppStore|x64.Build.0 = AppStore|iPhone
		{1624C1C4-1744-4EBF-8439-E738F2DEB647}.AppStore|x64.Deploy.0 = AppStore|iPhone
		{1624C1C4-1744-4EBF-8439-E738F2DEB647}.AppStore|x86.ActiveCfg = AppStore|iPhone
		{1624C1C4-1744-4EBF-8439-E738F2DEB647}.AppStore|x86.Build.0 = AppStore|iPhone
		{1624C1C4-1744-4EBF-8439-E738F2DEB647}.AppStore|x86.Deploy.0 = AppStore|iPhone
		{1624C1C4-1744-4EBF-8439-E738F2DEB647}.Debug|Any CPU.ActiveCfg = Debug|iPhoneSimulator
		{1624C1C4-1744-4EBF-8439-E738F2DEB647}.Debug|Any CPU.Build.0 = Debug|iPhoneSimulator
		{1624C1C4-1744-4EBF-8439-E738F2DEB647}.Debug|Any CPU.Deploy.0 = Debug|iPhoneSimulator
		{1624C1C4-1744-4EBF-8439-E738F2DEB647}.Debug|ARM.ActiveCfg = Debug|iPhone
		{1624C1C4-1744-4EBF-8439-E738F2DEB647}.Debug|ARM.Build.0 = Debug|iPhone
		{1624C1C4-1744-4EBF-8439-E738F2DEB647}.Debug|ARM.Deploy.0 = Debug|iPhone
		{1624C1C4-1744-4EBF-8439-E738F2DEB647}.Debug|iPhone.ActiveCfg = Debug|iPhone
		{1624C1C4-1744-4EBF-8439-E738F2DEB647}.Debug|iPhone.Build.0 = Debug|iPhone
		{1624C1C4-1744-4EBF-8439-E738F2DEB647}.Debug|iPhone.Deploy.0 = Debug|iPhone
		{1624C1C4-1744-4EBF-8439-E738F2DEB647}.Debug|iPhoneSimulator.ActiveCfg = Debug|iPhoneSimulator
		{1624C1C4-1744-4EBF-8439-E738F2DEB647}.Debug|iPhoneSimulator.Build.0 = Debug|iPhoneSimulator
		{1624C1C4-1744-4EBF-8439-E738F2DEB647}.Debug|iPhoneSimulator.Deploy.0 = Debug|iPhoneSimulator
		{1624C1C4-1744-4EBF-8439-E738F2DEB647}.Debug|x64.ActiveCfg = Debug|iPhone
		{1624C1C4-1744-4EBF-8439-E738F2DEB647}.Debug|x64.Build.0 = Debug|iPhone
		{1624C1C4-1744-4EBF-8439-E738F2DEB647}.Debug|x64.Deploy.0 = Debug|iPhone
		{1624C1C4-1744-4EBF-8439-E738F2DEB647}.Debug|x86.ActiveCfg = Debug|iPhone
		{1624C1C4-1744-4EBF-8439-E738F2DEB647}.Debug|x86.Build.0 = Debug|iPhone
		{1624C1C4-1744-4EBF-8439-E738F2DEB647}.Debug|x86.Deploy.0 = Debug|iPhone
		{1624C1C4-1744-4EBF-8439-E738F2DEB647}.Release|Any CPU.ActiveCfg = Release|iPhone
		{1624C1C4-1744-4EBF-8439-E738F2DEB647}.Release|Any CPU.Build.0 = Release|iPhone
		{1624C1C4-1744-4EBF-8439-E738F2DEB647}.Release|Any CPU.Deploy.0 = Release|iPhone
		{1624C1C4-1744-4EBF-8439-E738F2DEB647}.Release|ARM.ActiveCfg = Release|iPhone
		{1624C1C4-1744-4EBF-8439-E738F2DEB647}.Release|ARM.Build.0 = Release|iPhone
		{1624C1C4-1744-4EBF-8439-E738F2DEB647}.Release|ARM.Deploy.0 = Release|iPhone
		{1624C1C4-1744-4EBF-8439-E738F2DEB647}.Release|iPhone.ActiveCfg = Release|iPhone
		{1624C1C4-1744-4EBF-8439-E738F2DEB647}.Release|iPhone.Build.0 = Release|iPhone
		{1624C1C4-1744-4EBF-8439-E738F2DEB647}.Release|iPhone.Deploy.0 = Release|iPhone
		{1624C1C4-1744-4EBF-8439-E738F2DEB647}.Release|iPhoneSimulator.ActiveCfg = Release|iPhoneSimulator
		{1624C1C4-1744-4EBF-8439-E738F2DEB647}.Release|iPhoneSimulator.Build.0 = Release|iPhoneSimulator
		{1624C1C4-1744-4EBF-8439-E738F2DEB647}.Release|iPhoneSimulator.Deploy.0 = Release|iPhoneSimulator
		{1624C1C4-1744-4EBF-8439-E738F2DEB647}.Release|x64.ActiveCfg = Release|iPhone
		{1624C1C4-1744-4EBF-8439-E738F2DEB647}.Release|x64.Build.0 = Release|iPhone
		{1624C1C4-1744-4EBF-8439-E738F2DEB647}.Release|x64.Deploy.0 = Release|iPhone
		{1624C1C4-1744-4EBF-8439-E738F2DEB647}.Release|x86.ActiveCfg = Release|iPhone
		{1624C1C4-1744-4EBF-8439-E738F2DEB647}.Release|x86.Build.0 = Release|iPhone
		{1624C1C4-1744-4EBF-8439-E738F2DEB647}.Release|x86.Deploy.0 = Release|iPhone
		{1E6B225C-2439-406C-ACFC-41B1B6F7CF49}.Ad-Hoc|Any CPU.ActiveCfg = Debug|Any CPU
		{1E6B225C-2439-406C-ACFC-41B1B6F7CF49}.Ad-Hoc|Any CPU.Build.0 = Debug|Any CPU
		{1E6B225C-2439-406C-ACFC-41B1B6F7CF49}.Ad-Hoc|Any CPU.Deploy.0 = Debug|Any CPU
		{1E6B225C-2439-406C-ACFC-41B1B6F7CF49}.Ad-Hoc|ARM.ActiveCfg = Debug|Any CPU
		{1E6B225C-2439-406C-ACFC-41B1B6F7CF49}.Ad-Hoc|ARM.Build.0 = Debug|Any CPU
		{1E6B225C-2439-406C-ACFC-41B1B6F7CF49}.Ad-Hoc|ARM.Deploy.0 = Debug|Any CPU
		{1E6B225C-2439-406C-ACFC-41B1B6F7CF49}.Ad-Hoc|iPhone.ActiveCfg = Debug|Any CPU
		{1E6B225C-2439-406C-ACFC-41B1B6F7CF49}.Ad-Hoc|iPhone.Build.0 = Debug|Any CPU
		{1E6B225C-2439-406C-ACFC-41B1B6F7CF49}.Ad-Hoc|iPhone.Deploy.0 = Debug|Any CPU
		{1E6B225C-2439-406C-ACFC-41B1B6F7CF49}.Ad-Hoc|iPhoneSimulator.ActiveCfg = Debug|Any CPU
		{1E6B225C-2439-406C-ACFC-41B1B6F7CF49}.Ad-Hoc|iPhoneSimulator.Build.0 = Debug|Any CPU
		{1E6B225C-2439-406C-ACFC-41B1B6F7CF49}.Ad-Hoc|iPhoneSimulator.Deploy.0 = Debug|Any CPU
		{1E6B225C-2439-406C-ACFC-41B1B6F7CF49}.Ad-Hoc|x64.ActiveCfg = Debug|Any CPU
		{1E6B225C-2439-406C-ACFC-41B1B6F7CF49}.Ad-Hoc|x64.Build.0 = Debug|Any CPU
		{1E6B225C-2439-406C-ACFC-41B1B6F7CF49}.Ad-Hoc|x64.Deploy.0 = Debug|Any CPU
		{1E6B225C-2439-406C-ACFC-41B1B6F7CF49}.Ad-Hoc|x86.ActiveCfg = Debug|Any CPU
		{1E6B225C-2439-406C-ACFC-41B1B6F7CF49}.Ad-Hoc|x86.Build.0 = Debug|Any CPU
		{1E6B225C-2439-406C-ACFC-41B1B6F7CF49}.Ad-Hoc|x86.Deploy.0 = Debug|Any CPU
		{1E6B225C-2439-406C-ACFC-41B1B6F7CF49}.AppStore|Any CPU.ActiveCfg = Debug|Any CPU
		{1E6B225C-2439-406C-ACFC-41B1B6F7CF49}.AppStore|Any CPU.Build.0 = Debug|Any CPU
		{1E6B225C-2439-406C-ACFC-41B1B6F7CF49}.AppStore|Any CPU.Deploy.0 = Debug|Any CPU
		{1E6B225C-2439-406C-ACFC-41B1B6F7CF49}.AppStore|ARM.ActiveCfg = Debug|Any CPU
		{1E6B225C-2439-406C-ACFC-41B1B6F7CF49}.AppStore|ARM.Build.0 = Debug|Any CPU
		{1E6B225C-2439-406C-ACFC-41B1B6F7CF49}.AppStore|ARM.Deploy.0 = Debug|Any CPU
		{1E6B225C-2439-406C-ACFC-41B1B6F7CF49}.AppStore|iPhone.ActiveCfg = Debug|Any CPU
		{1E6B225C-2439-406C-ACFC-41B1B6F7CF49}.AppStore|iPhone.Build.0 = Debug|Any CPU
		{1E6B225C-2439-406C-ACFC-41B1B6F7CF49}.AppStore|iPhone.Deploy.0 = Debug|Any CPU
		{1E6B225C-2439-406C-ACFC-41B1B6F7CF49}.AppStore|iPhoneSimulator.ActiveCfg = Debug|Any CPU
		{1E6B225C-2439-406C-ACFC-41B1B6F7CF49}.AppStore|iPhoneSimulator.Build.0 = Debug|Any CPU
		{1E6B225C-2439-406C-ACFC-41B1B6F7CF49}.AppStore|iPhoneSimulator.Deploy.0 = Debug|Any CPU
		{1E6B225C-2439-406C-ACFC-41B1B6F7CF49}.AppStore|x64.ActiveCfg = Debug|Any CPU
		{1E6B225C-2439-406C-ACFC-41B1B6F7CF49}.AppStore|x64.Build.0 = Debug|Any CPU
		{1E6B225C-2439-406C-ACFC-41B1B6F7CF49}.AppStore|x64.Deploy.0 = Debug|Any CPU
		{1E6B225C-2439-406C-ACFC-41B1B6F7CF49}.AppStore|x86.ActiveCfg = Debug|Any CPU
		{1E6B225C-2439-406C-ACFC-41B1B6F7CF49}.AppStore|x86.Build.0 = Debug|Any CPU
		{1E6B225C-2439-406C-ACFC-41B1B6F7CF49}.AppStore|x86.Deploy.0 = Debug|Any CPU
		{1E6B225C-2439-406C-ACFC-41B1B6F7CF49}.Debug|Any CPU.ActiveCfg = Debug|Any CPU
		{1E6B225C-2439-406C-ACFC-41B1B6F7CF49}.Debug|Any CPU.Build.0 = Debug|Any CPU
		{1E6B225C-2439-406C-ACFC-41B1B6F7CF49}.Debug|Any CPU.Deploy.0 = Debug|Any CPU
		{1E6B225C-2439-406C-ACFC-41B1B6F7CF49}.Debug|ARM.ActiveCfg = Debug|Any CPU
		{1E6B225C-2439-406C-ACFC-41B1B6F7CF49}.Debug|ARM.Build.0 = Debug|Any CPU
		{1E6B225C-2439-406C-ACFC-41B1B6F7CF49}.Debug|ARM.Deploy.0 = Debug|Any CPU
		{1E6B225C-2439-406C-ACFC-41B1B6F7CF49}.Debug|iPhone.ActiveCfg = Debug|Any CPU
		{1E6B225C-2439-406C-ACFC-41B1B6F7CF49}.Debug|iPhone.Build.0 = Debug|Any CPU
		{1E6B225C-2439-406C-ACFC-41B1B6F7CF49}.Debug|iPhone.Deploy.0 = Debug|Any CPU
		{1E6B225C-2439-406C-ACFC-41B1B6F7CF49}.Debug|iPhoneSimulator.ActiveCfg = Debug|Any CPU
		{1E6B225C-2439-406C-ACFC-41B1B6F7CF49}.Debug|iPhoneSimulator.Build.0 = Debug|Any CPU
		{1E6B225C-2439-406C-ACFC-41B1B6F7CF49}.Debug|iPhoneSimulator.Deploy.0 = Debug|Any CPU
		{1E6B225C-2439-406C-ACFC-41B1B6F7CF49}.Debug|x64.ActiveCfg = Debug|Any CPU
		{1E6B225C-2439-406C-ACFC-41B1B6F7CF49}.Debug|x64.Build.0 = Debug|Any CPU
		{1E6B225C-2439-406C-ACFC-41B1B6F7CF49}.Debug|x64.Deploy.0 = Debug|Any CPU
		{1E6B225C-2439-406C-ACFC-41B1B6F7CF49}.Debug|x86.ActiveCfg = Debug|Any CPU
		{1E6B225C-2439-406C-ACFC-41B1B6F7CF49}.Debug|x86.Build.0 = Debug|Any CPU
		{1E6B225C-2439-406C-ACFC-41B1B6F7CF49}.Debug|x86.Deploy.0 = Debug|Any CPU
		{1E6B225C-2439-406C-ACFC-41B1B6F7CF49}.Release|Any CPU.ActiveCfg = Release|Any CPU
		{1E6B225C-2439-406C-ACFC-41B1B6F7CF49}.Release|Any CPU.Build.0 = Release|Any CPU
		{1E6B225C-2439-406C-ACFC-41B1B6F7CF49}.Release|Any CPU.Deploy.0 = Release|Any CPU
		{1E6B225C-2439-406C-ACFC-41B1B6F7CF49}.Release|ARM.ActiveCfg = Release|Any CPU
		{1E6B225C-2439-406C-ACFC-41B1B6F7CF49}.Release|ARM.Build.0 = Release|Any CPU
		{1E6B225C-2439-406C-ACFC-41B1B6F7CF49}.Release|ARM.Deploy.0 = Release|Any CPU
		{1E6B225C-2439-406C-ACFC-41B1B6F7CF49}.Release|iPhone.ActiveCfg = Release|Any CPU
		{1E6B225C-2439-406C-ACFC-41B1B6F7CF49}.Release|iPhone.Build.0 = Release|Any CPU
		{1E6B225C-2439-406C-ACFC-41B1B6F7CF49}.Release|iPhone.Deploy.0 = Release|Any CPU
		{1E6B225C-2439-406C-ACFC-41B1B6F7CF49}.Release|iPhoneSimulator.ActiveCfg = Release|Any CPU
		{1E6B225C-2439-406C-ACFC-41B1B6F7CF49}.Release|iPhoneSimulator.Build.0 = Release|Any CPU
		{1E6B225C-2439-406C-ACFC-41B1B6F7CF49}.Release|iPhoneSimulator.Deploy.0 = Release|Any CPU
		{1E6B225C-2439-406C-ACFC-41B1B6F7CF49}.Release|x64.ActiveCfg = Release|Any CPU
		{1E6B225C-2439-406C-ACFC-41B1B6F7CF49}.Release|x64.Build.0 = Release|Any CPU
		{1E6B225C-2439-406C-ACFC-41B1B6F7CF49}.Release|x64.Deploy.0 = Release|Any CPU
		{1E6B225C-2439-406C-ACFC-41B1B6F7CF49}.Release|x86.ActiveCfg = Release|Any CPU
		{1E6B225C-2439-406C-ACFC-41B1B6F7CF49}.Release|x86.Build.0 = Release|Any CPU
		{1E6B225C-2439-406C-ACFC-41B1B6F7CF49}.Release|x86.Deploy.0 = Release|Any CPU
	EndGlobalSection
	GlobalSection(SolutionProperties) = preSolution
		HideSolutionNode = FALSE
	EndGlobalSection
	GlobalSection(ExtensibilityGlobals) = postSolution
		SolutionGuid = {9E965021-B3F7-4904-B5FC-EF7EDCFB9E04}
	EndGlobalSection
EndGlobal
